# THIS IS AN AUTOGENERATED FILE. DO NOT EDIT THIS FILE DIRECTLY.
# yarn lockfile v1


"@babel/helper-module-imports@^7.10.4":
  version "7.13.12"
  resolved "https://registry.yarnpkg.com/@babel/helper-module-imports/-/helper-module-imports-7.13.12.tgz#c6a369a6f3621cb25da014078684da9196b61977"
  integrity sha512-4cVvR2/1B693IuOvSI20xqqa/+bl7lqAMR59R4iu39R9aOX8/JoYY1sFaNvUMyMBGnHdwvJgUrzNLoUZxXypxA==
  dependencies:
    "@babel/types" "^7.13.12"

"@babel/helper-validator-identifier@^7.14.0":
  version "7.14.0"
  resolved "https://registry.yarnpkg.com/@babel/helper-validator-identifier/-/helper-validator-identifier-7.14.0.tgz#d26cad8a47c65286b15df1547319a5d0bcf27288"
  integrity sha512-V3ts7zMSu5lfiwWDVWzRDGIN+lnCEUdaXgtVHJgLb1rGaA6jMrtB9EmE7L18foXJIE8Un/A/h6NJfGQp/e1J4A==

"@babel/types@^7.13.12":
  version "7.14.2"
  resolved "https://registry.yarnpkg.com/@babel/types/-/types-7.14.2.tgz#4208ae003107ef8a057ea8333e56eb64d2f6a2c3"
  integrity sha512-SdjAG/3DikRHpUOjxZgnkbR11xUlyDMUFJdvnIgZEE16mqmY0BINMmc4//JMJglEmn6i7sq6p+mGrFWyZ98EEw==
  dependencies:
    "@babel/helper-validator-identifier" "^7.14.0"
    to-fast-properties "^2.0.0"

"@rollup/plugin-babel@^5.3.0":
  version "5.3.0"
  resolved "https://registry.yarnpkg.com/@rollup/plugin-babel/-/plugin-babel-5.3.0.tgz#9cb1c5146ddd6a4968ad96f209c50c62f92f9879"
  integrity sha512-9uIC8HZOnVLrLHxayq/PTzw+uS25E14KPUBh5ktF+18Mjo5yK0ToMMx6epY0uEgkjwJw0aBW4x2horYXh8juWw==
  dependencies:
    "@babel/helper-module-imports" "^7.10.4"
    "@rollup/pluginutils" "^3.1.0"

"@rollup/pluginutils@^3.1.0":
  version "3.1.0"
  resolved "https://registry.yarnpkg.com/@rollup/pluginutils/-/pluginutils-3.1.0.tgz#706b4524ee6dc8b103b3c995533e5ad680c02b9b"
  integrity sha512-GksZ6pr6TpIjHm8h9lSQ8pi8BE9VeubNT0OMJ3B5uZJ8pz73NPiqOtCog/x2/QzM1ENChPKxMDhiQuRHsqc+lg==
  dependencies:
    "@types/estree" "0.0.39"
    estree-walker "^1.0.1"
    picomatch "^2.2.2"

"@types/estree@0.0.39":
  version "0.0.39"
  resolved "https://registry.yarnpkg.com/@types/estree/-/estree-0.0.39.tgz#e177e699ee1b8c22d23174caaa7422644389509f"
  integrity sha512-EYNwp3bU+98cpU4lAWYYL7Zz+2gryWH1qbdDTidVd6hkiR6weksdbMadyXKXNPEkQFhXM+hVO9ZygomHXp+AIw==

estree-walker@^1.0.1:
  version "1.0.1"
  resolved "https://registry.yarnpkg.com/estree-walker/-/estree-walker-1.0.1.tgz#31bc5d612c96b704106b477e6dd5d8aa138cb700"
  integrity sha512-1fMXF3YP4pZZVozF8j/ZLfvnR8NSIljt56UhbZ5PeeDmmGHpgpdwQt7ITlGvYaQukCvuBRMLEiKiYC+oeIg4cg==

fsevents@~2.3.1:
  version "2.3.2"
  resolved "https://registry.yarnpkg.com/fsevents/-/fsevents-2.3.2.tgz#8a526f78b8fdf4623b709e0b975c52c24c02fd1a"
  integrity sha512-xiqMQR4xAeHTuB9uWm+fFRcIOgKBMiOBP+eXiyT7jsgVCq1bkVygt00oASowB7EdtpOHaaPgKt812P9ab+DDKA==

lit-html@^1.3.0:
  version "1.3.0"
  resolved "https://registry.yarnpkg.com/lit-html/-/lit-html-1.3.0.tgz#c80f3cc5793a6dea6c07172be90a70ab20e56034"
  integrity sha512-0Q1bwmaFH9O14vycPHw8C/IeHMk/uSDldVLIefu/kfbTBGIc44KGH6A8p1bDfxUfHdc8q6Ct7kQklWoHgr4t1Q==

picomatch@^2.2.2:
  version "2.2.3"
  resolved "https://registry.yarnpkg.com/picomatch/-/picomatch-2.2.3.tgz#465547f359ccc206d3c48e46a1bcb89bf7ee619d"
  integrity sha512-KpELjfwcCDUb9PeigTs2mBJzXUPzAuP2oPcA989He8Rte0+YUAjw1JVedDhuTKPkHjSYzMN3npC9luThGYEKdg==

rollup@^2.50.1:
  version "2.50.1"
  resolved "https://registry.yarnpkg.com/rollup/-/rollup-2.50.1.tgz#5d52d5c65ade19164d56efec98f16a461c6df38e"
  integrity sha512-3MQhSdGpms4xjYrtR3WNHMT+VrWWM4oqUxUC770MmLo1FWFR2pr/OL81HSPC/ifmiu0uMFk0qPGLmjkSMRIESw==
  optionalDependencies:
    fsevents "~2.3.1"

to-fast-properties@^2.0.0:
  version "2.0.0"
  resolved "https://registry.yarnpkg.com/to-fast-properties/-/to-fast-properties-2.0.0.tgz#dc5e698cbd079265bc73e0377681a4e4e83f616e"
  integrity sha1-3F5pjL0HkmW8c+A3doGk5Og/YW4=
